
Microsoft Visual Studio Solution File, Format Version 12.00
# Visual Studio Version 17
VisualStudioVersion = 17.0.31903.59
MinimumVisualStudioVersion = 10.0.40219.1
Project("{FAE04EC0-301F-11D3-BF4B-00C04F79EFBC}") = "Tests", "Tests\Tests.csproj", "{D77D7F89-5F7A-4E98-8E91-283FD702381D}"
EndProject
Project("{FAE04EC0-301F-11D3-BF4B-00C04F79EFBC}") = "Calculadora", "Calculadora\Calculadora.csproj", "{5E1F616F-2032-452B-B6F9-013392A4B722}"
EndProject
Global
	GlobalSection(SolutionConfigurationPlatforms) = preSolution
		Debug|Any CPU = Debug|Any CPU
		Release|Any CPU = Release|Any CPU
	EndGlobalSection
	GlobalSection(SolutionProperties) = preSolution
		HideSolutionNode = FALSE
	EndGlobalSection
	GlobalSection(ProjectConfigurationPlatforms) = postSolution
		{D77D7F89-5F7A-4E98-8E91-283FD702381D}.Debug|Any CPU.ActiveCfg = Debug|Any CPU
		{D77D7F89-5F7A-4E98-8E91-283FD702381D}.Debug|Any CPU.Build.0 = Debug|Any CPU
		{D77D7F89-5F7A-4E98-8E91-283FD702381D}.Release|Any CPU.ActiveCfg = Release|Any CPU
		{D77D7F89-5F7A-4E98-8E91-283FD702381D}.Release|Any CPU.Build.0 = Release|Any CPU
		{5E1F616F-2032-452B-B6F9-013392A4B722}.Debug|Any CPU.ActiveCfg = Debug|Any CPU
		{5E1F616F-2032-452B-B6F9-013392A4B722}.Debug|Any CPU.Build.0 = Debug|Any CPU
		{5E1F616F-2032-452B-B6F9-013392A4B722}.Release|Any CPU.ActiveCfg = Release|Any CPU
		{5E1F616F-2032-452B-B6F9-013392A4B722}.Release|Any CPU.Build.0 = Release|Any CPU
	EndGlobalSection
EndGlobal
